
Microsoft Visual Studio Solution File, Format Version 12.00
# Visual Studio Version 16
VisualStudioVersion = 16.0.30330.147
MinimumVisualStudioVersion = 10.0.40219.1
Project("{9A19103F-16F7-4668-BE54-9A1E7A4F7556}") = "RapidApiCovid", "RapidApiCovid\RapidApiCovid.csproj", "{5D7E7AC6-EAD1-4403-B975-C4EDD3F034C0}"
EndProject
Project("{FAE04EC0-301F-11D3-BF4B-00C04F79EFBC}") = "Pruebas Unitarias", "n unit 3\Pruebas Unitarias.csproj", "{A612697F-43DB-459D-9410-E3EC8C616811}"
EndProject
Global
	GlobalSection(SolutionConfigurationPlatforms) = preSolution
		Debug|Any CPU = Debug|Any CPU
		Release|Any CPU = Release|Any CPU
	EndGlobalSection
	GlobalSection(ProjectConfigurationPlatforms) = postSolution
		{5D7E7AC6-EAD1-4403-B975-C4EDD3F034C0}.Debug|Any CPU.ActiveCfg = Debug|Any CPU
		{5D7E7AC6-EAD1-4403-B975-C4EDD3F034C0}.Debug|Any CPU.Build.0 = Debug|Any CPU
		{5D7E7AC6-EAD1-4403-B975-C4EDD3F034C0}.Release|Any CPU.ActiveCfg = Release|Any CPU
		{5D7E7AC6-EAD1-4403-B975-C4EDD3F034C0}.Release|Any CPU.Build.0 = Release|Any CPU
		{A612697F-43DB-459D-9410-E3EC8C616811}.Debug|Any CPU.ActiveCfg = Debug|Any CPU
		{A612697F-43DB-459D-9410-E3EC8C616811}.Debug|Any CPU.Build.0 = Debug|Any CPU
		{A612697F-43DB-459D-9410-E3EC8C616811}.Release|Any CPU.ActiveCfg = Release|Any CPU
		{A612697F-43DB-459D-9410-E3EC8C616811}.Release|Any CPU.Build.0 = Release|Any CPU
	EndGlobalSection
	GlobalSection(SolutionProperties) = preSolution
		HideSolutionNode = FALSE
	EndGlobalSection
	GlobalSection(ExtensibilityGlobals) = postSolution
		SolutionGuid = {7A22CB06-B0EF-45DD-B4F4-F81DD733E3E8}
	EndGlobalSection
EndGlobal
